<?xml version="1.0" encoding="UTF-8"?>
<Scheme
   LastUpgradeVersion = "1150"
   version = "1.7">
   <BuildAction
      parallelizeBuildables = "NO"
      buildImplicitDependencies = "YES">
      <BuildActionEntries>
         <BuildActionEntry
            buildForTesting = "YES"
            buildForRunning = "YES"
            buildForProfiling = "YES"
            buildForArchiving = "YES"
            buildForAnalyzing = "YES">
            <BuildableReference
               BuildableIdentifier = "primary"
               BlueprintIdentifier = "301FA9C924658C550071E191"
               BuildableName = "DanceUIApp.app"
               BlueprintName = "DanceUIApp"
               ReferencedContainer = "container:DanceUIApp.xcodeproj">
            </BuildableReference>
         </BuildActionEntry>
      </BuildActionEntries>
   </BuildAction>
   <TestAction
      buildConfiguration = "Debug"
      selectedDebuggerIdentifier = "Xcode.DebuggerFoundation.Debugger.LLDB"
      selectedLauncherIdentifier = "Xcode.DebuggerFoundation.Launcher.LLDB"
      customLLDBInitFile = "$(SRCROOT)/LLDBINIT"
      shouldUseLaunchSchemeArgsEnv = "YES"
      codeCoverageEnabled = "YES"
      onlyGenerateCoverageForSpecifiedTargets = "YES"
      shouldAutocreateTestPlan = "YES">
      <CodeCoverageTargets>
         <BuildableReference
            BuildableIdentifier = "primary"
            BlueprintIdentifier = "22FDA51F6CA354DD6EDFC63A4E6981CF"
            BuildableName = "libDanceUI.a"
            BlueprintName = "DanceUI"
            ReferencedContainer = "container:Pods/Pods.xcodeproj">
         </BuildableReference>
         <BuildableReference
            BuildableIdentifier = "primary"
            BlueprintIdentifier = "F2E8A8B252AF2B6CE2102F0A028BE468"
            BuildableName = "libDanceUIRuntime.a"
            BlueprintName = "DanceUIRuntime"
            ReferencedContainer = "container:Pods/Pods.xcodeproj">
         </BuildableReference>
      </CodeCoverageTargets>
      <Testables>
         <TestableReference
            skipped = "NO"
            parallelizable = "YES">
            <BuildableReference
               BuildableIdentifier = "primary"
               BlueprintIdentifier = "2BEDD44429B08967006748B5"
               BuildableName = "DanceUITests-Unit-ReleaseTest.xctest"
               BlueprintName = "DanceUITests-Unit-ReleaseTest"
               ReferencedContainer = "container:DanceUIApp.xcodeproj">
            </BuildableReference>
         </TestableReference>
         <TestableReference
            skipped = "NO"
            parallelizable = "YES">
            <BuildableReference
               BuildableIdentifier = "primary"
               BlueprintIdentifier = "2BEDD45429B08B93006748B5"
               BuildableName = "DanceUITests-Unit-ReleaseTests.xctest"
               BlueprintName = "DanceUITests-Unit-ReleaseTests"
               ReferencedContainer = "container:DanceUIApp.xcodeproj">
            </BuildableReference>
         </TestableReference>
      </Testables>
   </TestAction>
   <LaunchAction
      buildConfiguration = "Debug"
      selectedDebuggerIdentifier = "Xcode.DebuggerFoundation.Debugger.LLDB"
      selectedLauncherIdentifier = "Xcode.DebuggerFoundation.Launcher.LLDB"
      customLLDBInitFile = "$(SRCROOT)/LLDBINIT"
      launchStyle = "0"
      useCustomWorkingDirectory = "NO"
      ignoresPersistentStateOnLaunch = "NO"
      debugDocumentVersioning = "YES"
      debugServiceExtension = "internal"
      allowLocationSimulation = "YES">
      <BuildableProductRunnable
         runnableDebuggingMode = "0">
         <BuildableReference
            BuildableIdentifier = "primary"
            BlueprintIdentifier = "301FA9C924658C550071E191"
            BuildableName = "DanceUIApp.app"
            BlueprintName = "DanceUIApp"
            ReferencedContainer = "container:DanceUIApp.xcodeproj">
         </BuildableReference>
      </BuildableProductRunnable>
      <CommandLineArguments>
         <CommandLineArgument
            argument = "danceui_compose_benchmark"
            isEnabled = "NO">
         </CommandLineArgument>
         <CommandLineArgument
            argument = "--danceui_compose_baseline"
            isEnabled = "NO">
         </CommandLineArgument>
         <CommandLineArgument
            argument = "/tmp/com.bytedance.DanceUICompose/Benchmarks/danceui_baseline.json"
            isEnabled = "NO">
         </CommandLineArgument>
      </CommandLineArguments>
      <EnvironmentVariables>
         <EnvironmentVariable
            key = "CGBITMAP_CONTEXT_LOG_ERRORS"
            value = "1"
            isEnabled = "YES">
         </EnvironmentVariable>
         <EnvironmentVariable
            key = "DG_PROFILE"
            value = "1"
            isEnabled = "YES">
         </EnvironmentVariable>
         <EnvironmentVariable
            key = "DANCEUI_GRAPH_TRACE"
            value = "1"
            isEnabled = "NO">
         </EnvironmentVariable>
         <EnvironmentVariable
            key = "DG_ASYNC_LAYOUTS"
            value = "1"
            isEnabled = "YES">
         </EnvironmentVariable>
         <EnvironmentVariable
            key = "RECORD_MODE"
            value = "1"
            isEnabled = "NO">
         </EnvironmentVariable>
         <EnvironmentVariable
            key = "DANCEUI_TEXT_CACHE_STATISTICS"
            value = "1"
            isEnabled = "NO">
         </EnvironmentVariable>
         <EnvironmentVariable
            key = "FB_REFERENCE_IMAGE_DIR"
            value = "$(SOURCE_ROOT)/DanceUIUITest/ReferenceImages"
            isEnabled = "YES">
         </EnvironmentVariable>
         <EnvironmentVariable
            key = "IMAGE_DIFF_DIR"
            value = "$(SOURCE_ROOT)/DanceUIUITest/FailureDiffs"
            isEnabled = "YES">
         </EnvironmentVariable>
         <EnvironmentVariable
            key = "DANCEUI_TRACE"
            value = "0"
            isEnabled = "YES">
         </EnvironmentVariable>
         <EnvironmentVariable
            key = "DANCEUI_LOG_TRACE"
            value = "0"
            isEnabled = "YES">
         </EnvironmentVariable>
         <EnvironmentVariable
            key = "DANCEUI_PRINT_TREE"
            value = "0"
            isEnabled = "YES">
         </EnvironmentVariable>
         <EnvironmentVariable
            key = "RESPONDER_NODE_VISUAL_DEBUG_ENABLED"
            value = "1"
            isEnabled = "NO">
         </EnvironmentVariable>
         <EnvironmentVariable
            key = "DANCEUI_RUNTIME_ERROR_AS_EXCEPTION"
            value = "0"
            isEnabled = "NO">
         </EnvironmentVariable>
      </EnvironmentVariables>
   </LaunchAction>
   <ProfileAction
      buildConfiguration = "Release"
      shouldUseLaunchSchemeArgsEnv = "YES"
      savedToolIdentifier = ""
      useCustomWorkingDirectory = "NO"
      debugDocumentVersioning = "YES">
      <BuildableProductRunnable
         runnableDebuggingMode = "0">
         <BuildableReference
            BuildableIdentifier = "primary"
            BlueprintIdentifier = "301FA9C924658C550071E191"
            BuildableName = "DanceUIApp.app"
            BlueprintName = "DanceUIApp"
            ReferencedContainer = "container:DanceUIApp.xcodeproj">
         </BuildableReference>
      </BuildableProductRunnable>
   </ProfileAction>
   <AnalyzeAction
      buildConfiguration = "Debug">
   </AnalyzeAction>
   <ArchiveAction
      buildConfiguration = "Release"
      revealArchiveInOrganizer = "YES">
   </ArchiveAction>
</Scheme>
